// !$*UTF8*$!
{
	archiveVersion = 1;
	classes = {
	};
	objectVersion = 51;
	objects = {

/* Begin PBXBuildFile section */
		5956CC67B928AFB341024BF5 /* Pods_Realize_hackathon.framework in Frameworks */ = {isa = PBXBuildFile; fileRef = E48649113AD9D49964523727 /* Pods_Realize_hackathon.framework */; };
		77A0A6762349CCDE00291659 /* cardSelection.storyboard in Resources */ = {isa = PBXBuildFile; fileRef = 77A0A6752349CCDE00291659 /* cardSelection.storyboard */; };
		77A0A67A2349CD6300291659 /* cardSelectionViewController.swift in Sources */ = {isa = PBXBuildFile; fileRef = 77A0A6792349CD6300291659 /* cardSelectionViewController.swift */; };
		77AD3CFC234A195300AB1F01 /* IdentityStoryboard.storyboard in Resources */ = {isa = PBXBuildFile; fileRef = 77AD3CFB234A195300AB1F01 /* IdentityStoryboard.storyboard */; };
		77AD3CFE234A196D00AB1F01 /* IdentityViewController.swift in Sources */ = {isa = PBXBuildFile; fileRef = 77AD3CFD234A196D00AB1F01 /* IdentityViewController.swift */; };
		77AD3D01234A1D5500AB1F01 /* FinishCardStoryboard.storyboard in Resources */ = {isa = PBXBuildFile; fileRef = 77AD3D00234A1D5500AB1F01 /* FinishCardStoryboard.storyboard */; };
		77AD3D03234A1D8D00AB1F01 /* FinishCardViewController.swift in Sources */ = {isa = PBXBuildFile; fileRef = 77AD3D02234A1D8D00AB1F01 /* FinishCardViewController.swift */; };
		811D53BD2349EAFE00C17E02 /* ContactViewController.swift in Sources */ = {isa = PBXBuildFile; fileRef = 811D53BC2349EAFE00C17E02 /* ContactViewController.swift */; };
		811D53BF2349EB0A00C17E02 /* ContactView.storyboard in Resources */ = {isa = PBXBuildFile; fileRef = 811D53BE2349EB0A00C17E02 /* ContactView.storyboard */; };
		811D53CA2349F36700C17E02 /* EmailView.storyboard in Resources */ = {isa = PBXBuildFile; fileRef = 811D53C82349F36700C17E02 /* EmailView.storyboard */; };
		811D53CB2349F3DB00C17E02 /* EmailViewController.swift in Sources */ = {isa = PBXBuildFile; fileRef = 811D53C72349F36700C17E02 /* EmailViewController.swift */; };
		812F01B12349A55A00E10135 /* AppDelegate.swift in Sources */ = {isa = PBXBuildFile; fileRef = 812F01B02349A55A00E10135 /* AppDelegate.swift */; };
		812F01B32349A55A00E10135 /* SceneDelegate.swift in Sources */ = {isa = PBXBuildFile; fileRef = 812F01B22349A55A00E10135 /* SceneDelegate.swift */; };
		812F01BA2349A55E00E10135 /* Assets.xcassets in Resources */ = {isa = PBXBuildFile; fileRef = 812F01B92349A55E00E10135 /* Assets.xcassets */; };
		812F01BD2349A55E00E10135 /* LaunchScreen.storyboard in Resources */ = {isa = PBXBuildFile; fileRef = 812F01BB2349A55E00E10135 /* LaunchScreen.storyboard */; };
		812F01CC2349A5FA00E10135 /* LoginViewController.swift in Sources */ = {isa = PBXBuildFile; fileRef = 812F01CB2349A5FA00E10135 /* LoginViewController.swift */; };
		812F01CE2349A61300E10135 /* Login.storyboard in Resources */ = {isa = PBXBuildFile; fileRef = 812F01CD2349A61300E10135 /* Login.storyboard */; };
		817F5DEF2349CE3200436BB0 /* SignInViewController.swift in Sources */ = {isa = PBXBuildFile; fileRef = 817F5DEE2349CE3200436BB0 /* SignInViewController.swift */; };
		817F5DF32349CE5000436BB0 /* SignInStoryboard.storyboard in Resources */ = {isa = PBXBuildFile; fileRef = 817F5DF22349CE5000436BB0 /* SignInStoryboard.storyboard */; };
		817F5E052349D8AD00436BB0 /* Boston-HeavyIt.otf in Resources */ = {isa = PBXBuildFile; fileRef = 817F5DF52349D8AD00436BB0 /* Boston-HeavyIt.otf */; };
		817F5E062349D8AD00436BB0 /* Boston-ExtraLight.otf in Resources */ = {isa = PBXBuildFile; fileRef = 817F5DF62349D8AD00436BB0 /* Boston-ExtraLight.otf */; };
		817F5E072349D8AD00436BB0 /* Boston-SemiBold.otf in Resources */ = {isa = PBXBuildFile; fileRef = 817F5DF72349D8AD00436BB0 /* Boston-SemiBold.otf */; };
		817F5E082349D8AD00436BB0 /* Boston-Bold.otf in Resources */ = {isa = PBXBuildFile; fileRef = 817F5DF82349D8AD00436BB0 /* Boston-Bold.otf */; };
		817F5E092349D8AD00436BB0 /* Boston-ThinIt.otf in Resources */ = {isa = PBXBuildFile; fileRef = 817F5DF92349D8AD00436BB0 /* Boston-ThinIt.otf */; };
		817F5E0A2349D8AD00436BB0 /* Boston-BoldIt.otf in Resources */ = {isa = PBXBuildFile; fileRef = 817F5DFA2349D8AD00436BB0 /* Boston-BoldIt.otf */; };
		817F5E0B2349D8AD00436BB0 /* Boston-Black.otf in Resources */ = {isa = PBXBuildFile; fileRef = 817F5DFB2349D8AD00436BB0 /* Boston-Black.otf */; };
		817F5E0C2349D8AD00436BB0 /* Boston-Thin.otf in Resources */ = {isa = PBXBuildFile; fileRef = 817F5DFC2349D8AD00436BB0 /* Boston-Thin.otf */; };
		817F5E0D2349D8AD00436BB0 /* Boston-ExtraLightIt.otf in Resources */ = {isa = PBXBuildFile; fileRef = 817F5DFD2349D8AD00436BB0 /* Boston-ExtraLightIt.otf */; };
		817F5E0E2349D8AD00436BB0 /* Boston-SemiBoldIt.otf in Resources */ = {isa = PBXBuildFile; fileRef = 817F5DFE2349D8AD00436BB0 /* Boston-SemiBoldIt.otf */; };
		817F5E0F2349D8AD00436BB0 /* Boston-RegularIt.otf in Resources */ = {isa = PBXBuildFile; fileRef = 817F5DFF2349D8AD00436BB0 /* Boston-RegularIt.otf */; };
		817F5E102349D8AD00436BB0 /* Boston-Light.otf in Resources */ = {isa = PBXBuildFile; fileRef = 817F5E002349D8AD00436BB0 /* Boston-Light.otf */; };
		817F5E112349D8AD00436BB0 /* Boston-LightIt.otf in Resources */ = {isa = PBXBuildFile; fileRef = 817F5E012349D8AD00436BB0 /* Boston-LightIt.otf */; };
		817F5E122349D8AD00436BB0 /* Boston-Heavy.otf in Resources */ = {isa = PBXBuildFile; fileRef = 817F5E022349D8AD00436BB0 /* Boston-Heavy.otf */; };
		817F5E132349D8AD00436BB0 /* Boston-Regular.otf in Resources */ = {isa = PBXBuildFile; fileRef = 817F5E032349D8AD00436BB0 /* Boston-Regular.otf */; };
		817F5E142349D8AD00436BB0 /* Boston-BlackIt.otf in Resources */ = {isa = PBXBuildFile; fileRef = 817F5E042349D8AD00436BB0 /* Boston-BlackIt.otf */; };
		81D35C4E234A3F8E0043F9DF /* CpfInput.swift in Sources */ = {isa = PBXBuildFile; fileRef = 81D35C4D234A3F8E0043F9DF /* CpfInput.swift */; };
		81D35C50234A3FA10043F9DF /* CpfView.storyboard in Resources */ = {isa = PBXBuildFile; fileRef = 81D35C4F234A3FA10043F9DF /* CpfView.storyboard */; };
/* End PBXBuildFile section */

/* Begin PBXFileReference section */
		6889023CEA55A5E3106D82E7 /* Pods-Realize_hackathon.release.xcconfig */ = {isa = PBXFileReference; includeInIndex = 1; lastKnownFileType = text.xcconfig; name = "Pods-Realize_hackathon.release.xcconfig"; path = "Target Support Files/Pods-Realize_hackathon/Pods-Realize_hackathon.release.xcconfig"; sourceTree = "<group>"; };
		77A0A6752349CCDE00291659 /* cardSelection.storyboard */ = {isa = PBXFileReference; lastKnownFileType = file.storyboard; path = cardSelection.storyboard; sourceTree = "<group>"; };
		77A0A6792349CD6300291659 /* cardSelectionViewController.swift */ = {isa = PBXFileReference; lastKnownFileType = sourcecode.swift; path = cardSelectionViewController.swift; sourceTree = "<group>"; };
		77AD3CFB234A195300AB1F01 /* IdentityStoryboard.storyboard */ = {isa = PBXFileReference; lastKnownFileType = file.storyboard; path = IdentityStoryboard.storyboard; sourceTree = "<group>"; };
		77AD3CFD234A196D00AB1F01 /* IdentityViewController.swift */ = {isa = PBXFileReference; lastKnownFileType = sourcecode.swift; path = IdentityViewController.swift; sourceTree = "<group>"; };
		77AD3D00234A1D5500AB1F01 /* FinishCardStoryboard.storyboard */ = {isa = PBXFileReference; lastKnownFileType = file.storyboard; path = FinishCardStoryboard.storyboard; sourceTree = "<group>"; };
		77AD3D02234A1D8D00AB1F01 /* FinishCardViewController.swift */ = {isa = PBXFileReference; lastKnownFileType = sourcecode.swift; path = FinishCardViewController.swift; sourceTree = "<group>"; };
		811D53BC2349EAFE00C17E02 /* ContactViewController.swift */ = {isa = PBXFileReference; lastKnownFileType = sourcecode.swift; path = ContactViewController.swift; sourceTree = "<group>"; };
		811D53BE2349EB0A00C17E02 /* ContactView.storyboard */ = {isa = PBXFileReference; lastKnownFileType = file.storyboard; path = ContactView.storyboard; sourceTree = "<group>"; };
		811D53C12349EBCD00C17E02 /* EmailView.storyboard */ = {isa = PBXFileReference; lastKnownFileType = file.storyboard; path = EmailView.storyboard; sourceTree = "<group>"; };
		811D53C32349EBD900C17E02 /* EmailViewController.swift */ = {isa = PBXFileReference; lastKnownFileType = sourcecode.swift; path = EmailViewController.swift; sourceTree = "<group>"; };
		811D53C72349F36700C17E02 /* EmailViewController.swift */ = {isa = PBXFileReference; fileEncoding = 4; lastKnownFileType = sourcecode.swift; path = EmailViewController.swift; sourceTree = "<group>"; };
		811D53C82349F36700C17E02 /* EmailView.storyboard */ = {isa = PBXFileReference; fileEncoding = 4; lastKnownFileType = file.storyboard; path = EmailView.storyboard; sourceTree = "<group>"; };
		812F01AD2349A55A00E10135 /* Realize.app */ = {isa = PBXFileReference; explicitFileType = wrapper.application; includeInIndex = 0; path = Realize.app; sourceTree = BUILT_PRODUCTS_DIR; };
		812F01B02349A55A00E10135 /* AppDelegate.swift */ = {isa = PBXFileReference; lastKnownFileType = sourcecode.swift; path = AppDelegate.swift; sourceTree = "<group>"; };
		812F01B22349A55A00E10135 /* SceneDelegate.swift */ = {isa = PBXFileReference; lastKnownFileType = sourcecode.swift; path = SceneDelegate.swift; sourceTree = "<group>"; };
		812F01B92349A55E00E10135 /* Assets.xcassets */ = {isa = PBXFileReference; lastKnownFileType = folder.assetcatalog; path = Assets.xcassets; sourceTree = "<group>"; };
		812F01BC2349A55E00E10135 /* Base */ = {isa = PBXFileReference; lastKnownFileType = file.storyboard; name = Base; path = Base.lproj/LaunchScreen.storyboard; sourceTree = "<group>"; };
		812F01BE2349A55E00E10135 /* Info.plist */ = {isa = PBXFileReference; lastKnownFileType = text.plist.xml; path = Info.plist; sourceTree = "<group>"; };
		812F01CB2349A5FA00E10135 /* LoginViewController.swift */ = {isa = PBXFileReference; lastKnownFileType = sourcecode.swift; path = LoginViewController.swift; sourceTree = "<group>"; };
		812F01CD2349A61300E10135 /* Login.storyboard */ = {isa = PBXFileReference; lastKnownFileType = file.storyboard; path = Login.storyboard; sourceTree = "<group>"; };
		817F5DEE2349CE3200436BB0 /* SignInViewController.swift */ = {isa = PBXFileReference; lastKnownFileType = sourcecode.swift; path = SignInViewController.swift; sourceTree = "<group>"; };
		817F5DF22349CE5000436BB0 /* SignInStoryboard.storyboard */ = {isa = PBXFileReference; lastKnownFileType = file.storyboard; path = SignInStoryboard.storyboard; sourceTree = "<group>"; };
		817F5DF52349D8AD00436BB0 /* Boston-HeavyIt.otf */ = {isa = PBXFileReference; lastKnownFileType = file; path = "Boston-HeavyIt.otf"; sourceTree = "<group>"; };
		817F5DF62349D8AD00436BB0 /* Boston-ExtraLight.otf */ = {isa = PBXFileReference; lastKnownFileType = file; path = "Boston-ExtraLight.otf"; sourceTree = "<group>"; };
		817F5DF72349D8AD00436BB0 /* Boston-SemiBold.otf */ = {isa = PBXFileReference; lastKnownFileType = file; path = "Boston-SemiBold.otf"; sourceTree = "<group>"; };
		817F5DF82349D8AD00436BB0 /* Boston-Bold.otf */ = {isa = PBXFileReference; lastKnownFileType = file; path = "Boston-Bold.otf"; sourceTree = "<group>"; };
		817F5DF92349D8AD00436BB0 /* Boston-ThinIt.otf */ = {isa = PBXFileReference; lastKnownFileType = file; path = "Boston-ThinIt.otf"; sourceTree = "<group>"; };
		817F5DFA2349D8AD00436BB0 /* Boston-BoldIt.otf */ = {isa = PBXFileReference; lastKnownFileType = file; path = "Boston-BoldIt.otf"; sourceTree = "<group>"; };
		817F5DFB2349D8AD00436BB0 /* Boston-Black.otf */ = {isa = PBXFileReference; lastKnownFileType = file; path = "Boston-Black.otf"; sourceTree = "<group>"; };
		817F5DFC2349D8AD00436BB0 /* Boston-Thin.otf */ = {isa = PBXFileReference; lastKnownFileType = file; path = "Boston-Thin.otf"; sourceTree = "<group>"; };
		817F5DFD2349D8AD00436BB0 /* Boston-ExtraLightIt.otf */ = {isa = PBXFileReference; lastKnownFileType = file; path = "Boston-ExtraLightIt.otf"; sourceTree = "<group>"; };
		817F5DFE2349D8AD00436BB0 /* Boston-SemiBoldIt.otf */ = {isa = PBXFileReference; lastKnownFileType = file; path = "Boston-SemiBoldIt.otf"; sourceTree = "<group>"; };
		817F5DFF2349D8AD00436BB0 /* Boston-RegularIt.otf */ = {isa = PBXFileReference; lastKnownFileType = file; path = "Boston-RegularIt.otf"; sourceTree = "<group>"; };
		817F5E002349D8AD00436BB0 /* Boston-Light.otf */ = {isa = PBXFileReference; lastKnownFileType = file; path = "Boston-Light.otf"; sourceTree = "<group>"; };
		817F5E012349D8AD00436BB0 /* Boston-LightIt.otf */ = {isa = PBXFileReference; lastKnownFileType = file; path = "Boston-LightIt.otf"; sourceTree = "<group>"; };
		817F5E022349D8AD00436BB0 /* Boston-Heavy.otf */ = {isa = PBXFileReference; lastKnownFileType = file; path = "Boston-Heavy.otf"; sourceTree = "<group>"; };
		817F5E032349D8AD00436BB0 /* Boston-Regular.otf */ = {isa = PBXFileReference; lastKnownFileType = file; path = "Boston-Regular.otf"; sourceTree = "<group>"; };
		817F5E042349D8AD00436BB0 /* Boston-BlackIt.otf */ = {isa = PBXFileReference; lastKnownFileType = file; path = "Boston-BlackIt.otf"; sourceTree = "<group>"; };
		81D35C4D234A3F8E0043F9DF /* CpfInput.swift */ = {isa = PBXFileReference; lastKnownFileType = sourcecode.swift; path = CpfInput.swift; sourceTree = "<group>"; };
		81D35C4F234A3FA10043F9DF /* CpfView.storyboard */ = {isa = PBXFileReference; lastKnownFileType = file.storyboard; path = CpfView.storyboard; sourceTree = "<group>"; };
		951655032234D2A30657C09A /* Pods-Realize_hackathon.debug.xcconfig */ = {isa = PBXFileReference; includeInIndex = 1; lastKnownFileType = text.xcconfig; name = "Pods-Realize_hackathon.debug.xcconfig"; path = "Target Support Files/Pods-Realize_hackathon/Pods-Realize_hackathon.debug.xcconfig"; sourceTree = "<group>"; };
		E48649113AD9D49964523727 /* Pods_Realize_hackathon.framework */ = {isa = PBXFileReference; explicitFileType = wrapper.framework; includeInIndex = 0; path = Pods_Realize_hackathon.framework; sourceTree = BUILT_PRODUCTS_DIR; };
/* End PBXFileReference section */

/* Begin PBXFrameworksBuildPhase section */
		812F01AA2349A55A00E10135 /* Frameworks */ = {
			isa = PBXFrameworksBuildPhase;
			buildActionMask = 2147483647;
			files = (
				5956CC67B928AFB341024BF5 /* Pods_Realize_hackathon.framework in Frameworks */,
			);
			runOnlyForDeploymentPostprocessing = 0;
		};
/* End PBXFrameworksBuildPhase section */

/* Begin PBXGroup section */
		270A11496F37ADD5677F8441 /* Pods */ = {
			isa = PBXGroup;
			children = (
				951655032234D2A30657C09A /* Pods-Realize_hackathon.debug.xcconfig */,
				6889023CEA55A5E3106D82E7 /* Pods-Realize_hackathon.release.xcconfig */,
			);
			path = Pods;
			sourceTree = "<group>";
		};
		56211DF7EC5CD5E707B1F9EF /* Frameworks */ = {
			isa = PBXGroup;
			children = (
				E48649113AD9D49964523727 /* Pods_Realize_hackathon.framework */,
			);
			name = Frameworks;
			sourceTree = "<group>";
		};
		77A0A6742349CCC200291659 /* CardSelection */ = {
			isa = PBXGroup;
			children = (
				77A0A6792349CD6300291659 /* cardSelectionViewController.swift */,
				77A0A6752349CCDE00291659 /* cardSelection.storyboard */,
			);
			path = CardSelection;
			sourceTree = "<group>";
		};
		77AD3CFA234A193800AB1F01 /* Identity */ = {
			isa = PBXGroup;
			children = (
				77AD3CFB234A195300AB1F01 /* IdentityStoryboard.storyboard */,
				77AD3CFD234A196D00AB1F01 /* IdentityViewController.swift */,
			);
			path = Identity;
			sourceTree = "<group>";
		};
		77AD3CFF234A1D2300AB1F01 /* FinishCard */ = {
			isa = PBXGroup;
			children = (
				77AD3D00234A1D5500AB1F01 /* FinishCardStoryboard.storyboard */,
				77AD3D02234A1D8D00AB1F01 /* FinishCardViewController.swift */,
			);
			path = FinishCard;
			sourceTree = "<group>";
		};
		811D53BB2349EAEF00C17E02 /* Contact */ = {
			isa = PBXGroup;
			children = (
				811D53BC2349EAFE00C17E02 /* ContactViewController.swift */,
				811D53BE2349EB0A00C17E02 /* ContactView.storyboard */,
			);
			path = Contact;
			sourceTree = "<group>";
		};
		811D53C52349F34000C17E02 /* Recovered References */ = {
			isa = PBXGroup;
			children = (
				811D53C32349EBD900C17E02 /* EmailViewController.swift */,
				811D53C12349EBCD00C17E02 /* EmailView.storyboard */,
			);
			name = "Recovered References";
			sourceTree = "<group>";
		};
		811D53C62349F36700C17E02 /* Email */ = {
			isa = PBXGroup;
			children = (
				811D53C72349F36700C17E02 /* EmailViewController.swift */,
				811D53C82349F36700C17E02 /* EmailView.storyboard */,
			);
			path = Email;
			sourceTree = "<group>";
		};
		812F01A42349A55A00E10135 = {
			isa = PBXGroup;
			children = (
				812F01AF2349A55A00E10135 /* Realize_hackathon */,
				812F01AE2349A55A00E10135 /* Products */,
				270A11496F37ADD5677F8441 /* Pods */,
				56211DF7EC5CD5E707B1F9EF /* Frameworks */,
				811D53C52349F34000C17E02 /* Recovered References */,
			);
			sourceTree = "<group>";
		};
		812F01AE2349A55A00E10135 /* Products */ = {
			isa = PBXGroup;
			children = (
				812F01AD2349A55A00E10135 /* Realize.app */,
			);
			name = Products;
			sourceTree = "<group>";
		};
		812F01AF2349A55A00E10135 /* Realize_hackathon */ = {
			isa = PBXGroup;
			children = (
				812F01C72349A59500E10135 /* Model */,
				812F01C62349A58A00E10135 /* App */,
				812F01C42349A57700E10135 /* Support */,
				812F01BB2349A55E00E10135 /* LaunchScreen.storyboard */,
				812F01BE2349A55E00E10135 /* Info.plist */,
			);
			path = Realize_hackathon;
			sourceTree = "<group>";
		};
		812F01C42349A57700E10135 /* Support */ = {
			isa = PBXGroup;
			children = (
				817F5DF42349D8AC00436BB0 /* Boston-Family */,
				812F01B02349A55A00E10135 /* AppDelegate.swift */,
				812F01B22349A55A00E10135 /* SceneDelegate.swift */,
				812F01B92349A55E00E10135 /* Assets.xcassets */,
			);
			path = Support;
			sourceTree = "<group>";
		};
		812F01C62349A58A00E10135 /* App */ = {
			isa = PBXGroup;
			children = (
				81D35C4C234A3F700043F9DF /* CpfInput */,
				812F01C82349A5B300E10135 /* Login */,
				77A0A6742349CCC200291659 /* CardSelection */,
				817F5DED2349CE1800436BB0 /* SignIn */,
				77AD3CFA234A193800AB1F01 /* Identity */,
				811D53BB2349EAEF00C17E02 /* Contact */,
				811D53C62349F36700C17E02 /* Email */,
				77AD3CFF234A1D2300AB1F01 /* FinishCard */,
			);
			path = App;
			sourceTree = "<group>";
		};
		812F01C72349A59500E10135 /* Model */ = {
			isa = PBXGroup;
			children = (
			);
			path = Model;
			sourceTree = "<group>";
		};
		812F01C82349A5B300E10135 /* Login */ = {
			isa = PBXGroup;
			children = (
				812F01CB2349A5FA00E10135 /* LoginViewController.swift */,
				812F01CD2349A61300E10135 /* Login.storyboard */,
			);
			path = Login;
			sourceTree = "<group>";
		};
		817F5DED2349CE1800436BB0 /* SignIn */ = {
			isa = PBXGroup;
			children = (
				817F5DEE2349CE3200436BB0 /* SignInViewController.swift */,
				817F5DF22349CE5000436BB0 /* SignInStoryboard.storyboard */,
			);
			path = SignIn;
			sourceTree = "<group>";
		};
		817F5DF42349D8AC00436BB0 /* Boston-Family */ = {
			isa = PBXGroup;
			children = (
				817F5DF52349D8AD00436BB0 /* Boston-HeavyIt.otf */,
				817F5DF62349D8AD00436BB0 /* Boston-ExtraLight.otf */,
				817F5DF72349D8AD00436BB0 /* Boston-SemiBold.otf */,
				817F5DF82349D8AD00436BB0 /* Boston-Bold.otf */,
				817F5DF92349D8AD00436BB0 /* Boston-ThinIt.otf */,
				817F5DFA2349D8AD00436BB0 /* Boston-BoldIt.otf */,
				817F5DFB2349D8AD00436BB0 /* Boston-Black.otf */,
				817F5DFC2349D8AD00436BB0 /* Boston-Thin.otf */,
				817F5DFD2349D8AD00436BB0 /* Boston-ExtraLightIt.otf */,
				817F5DFE2349D8AD00436BB0 /* Boston-SemiBoldIt.otf */,
				817F5DFF2349D8AD00436BB0 /* Boston-RegularIt.otf */,
				817F5E002349D8AD00436BB0 /* Boston-Light.otf */,
				817F5E012349D8AD00436BB0 /* Boston-LightIt.otf */,
				817F5E022349D8AD00436BB0 /* Boston-Heavy.otf */,
				817F5E032349D8AD00436BB0 /* Boston-Regular.otf */,
				817F5E042349D8AD00436BB0 /* Boston-BlackIt.otf */,
			);
			path = "Boston-Family";
			sourceTree = "<group>";
		};
		81D35C4C234A3F700043F9DF /* CpfInput */ = {
			isa = PBXGroup;
			children = (
				81D35C4D234A3F8E0043F9DF /* CpfInput.swift */,
				81D35C4F234A3FA10043F9DF /* CpfView.storyboard */,
			);
			path = CpfInput;
			sourceTree = "<group>";
		};
/* End PBXGroup section */

/* Begin PBXNativeTarget section */
		812F01AC2349A55A00E10135 /* Realize_hackathon */ = {
			isa = PBXNativeTarget;
			buildConfigurationList = 812F01C12349A55E00E10135 /* Build configuration list for PBXNativeTarget "Realize_hackathon" */;
			buildPhases = (
				0CD5C55467CE98635448DE38 /* [CP] Check Pods Manifest.lock */,
				812F01A92349A55A00E10135 /* Sources */,
				812F01AA2349A55A00E10135 /* Frameworks */,
				812F01AB2349A55A00E10135 /* Resources */,
				6242094019AAE2B91AA7A29C /* [CP] Embed Pods Frameworks */,
			);
			buildRules = (
			);
			dependencies = (
			);
			name = Realize_hackathon;
			productName = Realize_hackathon;
			productReference = 812F01AD2349A55A00E10135 /* Realize.app */;
			productType = "com.apple.product-type.application";
		};
/* End PBXNativeTarget section */

/* Begin PBXProject section */
		812F01A52349A55A00E10135 /* Project object */ = {
			isa = PBXProject;
			attributes = {
				LastSwiftUpdateCheck = 1100;
				LastUpgradeCheck = 1100;
				ORGANIZATIONNAME = "Adriano Ramos";
				TargetAttributes = {
					812F01AC2349A55A00E10135 = {
						CreatedOnToolsVersion = 11.0;
					};
				};
			};
			buildConfigurationList = 812F01A82349A55A00E10135 /* Build configuration list for PBXProject "Realize_hackathon" */;
			compatibilityVersion = "Xcode 9.3";
			developmentRegion = en;
			hasScannedForEncodings = 0;
			knownRegions = (
				en,
				Base,
			);
			mainGroup = 812F01A42349A55A00E10135;
			productRefGroup = 812F01AE2349A55A00E10135 /* Products */;
			projectDirPath = "";
			projectRoot = "";
			targets = (
				812F01AC2349A55A00E10135 /* Realize_hackathon */,
			);
		};
/* End PBXProject section */

/* Begin PBXResourcesBuildPhase section */
		812F01AB2349A55A00E10135 /* Resources */ = {
			isa = PBXResourcesBuildPhase;
			buildActionMask = 2147483647;
			files = (
				77AD3D01234A1D5500AB1F01 /* FinishCardStoryboard.storyboard in Resources */,
				817F5E0E2349D8AD00436BB0 /* Boston-SemiBoldIt.otf in Resources */,
				817F5E102349D8AD00436BB0 /* Boston-Light.otf in Resources */,
				817F5E122349D8AD00436BB0 /* Boston-Heavy.otf in Resources */,
				817F5E092349D8AD00436BB0 /* Boston-ThinIt.otf in Resources */,
				812F01CE2349A61300E10135 /* Login.storyboard in Resources */,
				817F5E132349D8AD00436BB0 /* Boston-Regular.otf in Resources */,
				81D35C50234A3FA10043F9DF /* CpfView.storyboard in Resources */,
				811D53CA2349F36700C17E02 /* EmailView.storyboard in Resources */,
				817F5E0B2349D8AD00436BB0 /* Boston-Black.otf in Resources */,
				817F5E112349D8AD00436BB0 /* Boston-LightIt.otf in Resources */,
				77AD3CFC234A195300AB1F01 /* IdentityStoryboard.storyboard in Resources */,
				817F5E082349D8AD00436BB0 /* Boston-Bold.otf in Resources */,
				817F5E142349D8AD00436BB0 /* Boston-BlackIt.otf in Resources */,
				817F5E072349D8AD00436BB0 /* Boston-SemiBold.otf in Resources */,
				812F01BD2349A55E00E10135 /* LaunchScreen.storyboard in Resources */,
				812F01BA2349A55E00E10135 /* Assets.xcassets in Resources */,
				817F5E0D2349D8AD00436BB0 /* Boston-ExtraLightIt.otf in Resources */,
				817F5E0A2349D8AD00436BB0 /* Boston-BoldIt.otf in Resources */,
				817F5E052349D8AD00436BB0 /* Boston-HeavyIt.otf in Resources */,
				817F5E0F2349D8AD00436BB0 /* Boston-RegularIt.otf in Resources */,
				811D53BF2349EB0A00C17E02 /* ContactView.storyboard in Resources */,
				817F5E062349D8AD00436BB0 /* Boston-ExtraLight.otf in Resources */,
				817F5DF32349CE5000436BB0 /* SignInStoryboard.storyboard in Resources */,
				817F5E0C2349D8AD00436BB0 /* Boston-Thin.otf in Resources */,
				77A0A6762349CCDE00291659 /* cardSelection.storyboard in Resources */,
			);
			runOnlyForDeploymentPostprocessing = 0;
		};
/* End PBXResourcesBuildPhase section */

/* Begin PBXShellScriptBuildPhase section */
		0CD5C55467CE98635448DE38 /* [CP] Check Pods Manifest.lock */ = {
			isa = PBXShellScriptBuildPhase;
			buildActionMask = 2147483647;
			files = (
			);
			inputFileListPaths = (
			);
			inputPaths = (
				"${PODS_PODFILE_DIR_PATH}/Podfile.lock",
				"${PODS_ROOT}/Manifest.lock",
			);
			name = "[CP] Check Pods Manifest.lock";
			outputFileListPaths = (
			);
			outputPaths = (
				"$(DERIVED_FILE_DIR)/Pods-Realize_hackathon-checkManifestLockResult.txt",
			);
			runOnlyForDeploymentPostprocessing = 0;
			shellPath = /bin/sh;
			shellScript = "diff \"${PODS_PODFILE_DIR_PATH}/Podfile.lock\" \"${PODS_ROOT}/Manifest.lock\" > /dev/null\nif [ $? != 0 ] ; then\n    # print error to STDERR\n    echo \"error: The sandbox is not in sync with the Podfile.lock. Run 'pod install' or update your CocoaPods installation.\" >&2\n    exit 1\nfi\n# This output is used by Xcode 'outputs' to avoid re-running this script phase.\necho \"SUCCESS\" > \"${SCRIPT_OUTPUT_FILE_0}\"\n";
			showEnvVarsInLog = 0;
		};
		6242094019AAE2B91AA7A29C /* [CP] Embed Pods Frameworks */ = {
			isa = PBXShellScriptBuildPhase;
			buildActionMask = 2147483647;
			files = (
			);
			inputFileListPaths = (
				"${PODS_ROOT}/Target Support Files/Pods-Realize_hackathon/Pods-Realize_hackathon-frameworks-${CONFIGURATION}-input-files.xcfilelist",
			);
			name = "[CP] Embed Pods Frameworks";
			outputFileListPaths = (
				"${PODS_ROOT}/Target Support Files/Pods-Realize_hackathon/Pods-Realize_hackathon-frameworks-${CONFIGURATION}-output-files.xcfilelist",
			);
			runOnlyForDeploymentPostprocessing = 0;
			shellPath = /bin/sh;
			shellScript = "\"${PODS_ROOT}/Target Support Files/Pods-Realize_hackathon/Pods-Realize_hackathon-frameworks.sh\"\n";
			showEnvVarsInLog = 0;
		};
/* End PBXShellScriptBuildPhase section */

/* Begin PBXSourcesBuildPhase section */
		812F01A92349A55A00E10135 /* Sources */ = {
			isa = PBXSourcesBuildPhase;
			buildActionMask = 2147483647;
			files = (
				77AD3CFE234A196D00AB1F01 /* IdentityViewController.swift in Sources */,
				811D53CB2349F3DB00C17E02 /* EmailViewController.swift in Sources */,
				81D35C4E234A3F8E0043F9DF /* CpfInput.swift in Sources */,
				817F5DEF2349CE3200436BB0 /* SignInViewController.swift in Sources */,
				811D53BD2349EAFE00C17E02 /* ContactViewController.swift in Sources */,
				812F01CC2349A5FA00E10135 /* LoginViewController.swift in Sources */,
				77A0A67A2349CD6300291659 /* cardSelectionViewController.swift in Sources */,
				77AD3D03234A1D8D00AB1F01 /* FinishCardViewController.swift in Sources */,
				812F01B12349A55A00E10135 /* AppDelegate.swift in Sources */,
				812F01B32349A55A00E10135 /* SceneDelegate.swift in Sources */,
			);
			runOnlyForDeploymentPostprocessing = 0;
		};
/* End PBXSourcesBuildPhase section */

/* Begin PBXVariantGroup section */
		812F01BB2349A55E00E10135 /* LaunchScreen.storyboard */ = {
			isa = PBXVariantGroup;
			children = (
				812F01BC2349A55E00E10135 /* Base */,
			);
			name = LaunchScreen.storyboard;
			sourceTree = "<group>";
		};
/* End PBXVariantGroup section */

/* Begin XCBuildConfiguration section */
		812F01BF2349A55E00E10135 /* Debug */ = {
			isa = XCBuildConfiguration;
			buildSettings = {
				ALWAYS_SEARCH_USER_PATHS = NO;
				CLANG_ANALYZER_NONNULL = YES;
				CLANG_ANALYZER_NUMBER_OBJECT_CONVERSION = YES_AGGRESSIVE;
				CLANG_CXX_LANGUAGE_STANDARD = "gnu++14";
				CLANG_CXX_LIBRARY = "libc++";
				CLANG_ENABLE_MODULES = YES;
				CLANG_ENABLE_OBJC_ARC = YES;
				CLANG_ENABLE_OBJC_WEAK = YES;
				CLANG_WARN_BLOCK_CAPTURE_AUTORELEASING = YES;
				CLANG_WARN_BOOL_CONVERSION = YES;
				CLANG_WARN_COMMA = YES;
				CLANG_WARN_CONSTANT_CONVERSION = YES;
				CLANG_WARN_DEPRECATED_OBJC_IMPLEMENTATIONS = YES;
				CLANG_WARN_DIRECT_OBJC_ISA_USAGE = YES_ERROR;
				CLANG_WARN_DOCUMENTATION_COMMENTS = YES;
				CLANG_WARN_EMPTY_BODY = YES;
				CLANG_WARN_ENUM_CONVERSION = YES;
				CLANG_WARN_INFINITE_RECURSION = YES;
				CLANG_WARN_INT_CONVERSION = YES;
				CLANG_WARN_NON_LITERAL_NULL_CONVERSION = YES;
				CLANG_WARN_OBJC_IMPLICIT_RETAIN_SELF = YES;
				CLANG_WARN_OBJC_LITERAL_CONVERSION = YES;
				CLANG_WARN_OBJC_ROOT_CLASS = YES_ERROR;
				CLANG_WARN_RANGE_LOOP_ANALYSIS = YES;
				CLANG_WARN_STRICT_PROTOTYPES = YES;
				CLANG_WARN_SUSPICIOUS_MOVE = YES;
				CLANG_WARN_UNGUARDED_AVAILABILITY = YES_AGGRESSIVE;
				CLANG_WARN_UNREACHABLE_CODE = YES;
				CLANG_WARN__DUPLICATE_METHOD_MATCH = YES;
				COPY_PHASE_STRIP = NO;
				DEBUG_INFORMATION_FORMAT = dwarf;
				ENABLE_STRICT_OBJC_MSGSEND = YES;
				ENABLE_TESTABILITY = YES;
				GCC_C_LANGUAGE_STANDARD = gnu11;
				GCC_DYNAMIC_NO_PIC = NO;
				GCC_NO_COMMON_BLOCKS = YES;
				GCC_OPTIMIZATION_LEVEL = 0;
				GCC_PREPROCESSOR_DEFINITIONS = (
					"DEBUG=1",
					"$(inherited)",
				);
				GCC_WARN_64_TO_32_BIT_CONVERSION = YES;
				GCC_WARN_ABOUT_RETURN_TYPE = YES_ERROR;
				GCC_WARN_UNDECLARED_SELECTOR = YES;
				GCC_WARN_UNINITIALIZED_AUTOS = YES_AGGRESSIVE;
				GCC_WARN_UNUSED_FUNCTION = YES;
				GCC_WARN_UNUSED_VARIABLE = YES;
				IPHONEOS_DEPLOYMENT_TARGET = 13.0;
				MTL_ENABLE_DEBUG_INFO = INCLUDE_SOURCE;
				MTL_FAST_MATH = YES;
				ONLY_ACTIVE_ARCH = YES;
				SDKROOT = iphoneos;
				SWIFT_ACTIVE_COMPILATION_CONDITIONS = DEBUG;
				SWIFT_OPTIMIZATION_LEVEL = "-Onone";
			};
			name = Debug;
		};
		812F01C02349A55E00E10135 /* Release */ = {
			isa = XCBuildConfiguration;
			buildSettings = {
				ALWAYS_SEARCH_USER_PATHS = NO;
				CLANG_ANALYZER_NONNULL = YES;
				CLANG_ANALYZER_NUMBER_OBJECT_CONVERSION = YES_AGGRESSIVE;
				CLANG_CXX_LANGUAGE_STANDARD = "gnu++14";
				CLANG_CXX_LIBRARY = "libc++";
				CLANG_ENABLE_MODULES = YES;
				CLANG_ENABLE_OBJC_ARC = YES;
				CLANG_ENABLE_OBJC_WEAK = YES;
				CLANG_WARN_BLOCK_CAPTURE_AUTORELEASING = YES;
				CLANG_WARN_BOOL_CONVERSION = YES;
				CLANG_WARN_COMMA = YES;
				CLANG_WARN_CONSTANT_CONVERSION = YES;
				CLANG_WARN_DEPRECATED_OBJC_IMPLEMENTATIONS = YES;
				CLANG_WARN_DIRECT_OBJC_ISA_USAGE = YES_ERROR;
				CLANG_WARN_DOCUMENTATION_COMMENTS = YES;
				CLANG_WARN_EMPTY_BODY = YES;
				CLANG_WARN_ENUM_CONVERSION = YES;
				CLANG_WARN_INFINITE_RECURSION = YES;
				CLANG_WARN_INT_CONVERSION = YES;
				CLANG_WARN_NON_LITERAL_NULL_CONVERSION = YES;
				CLANG_WARN_OBJC_IMPLICIT_RETAIN_SELF = YES;
				CLANG_WARN_OBJC_LITERAL_CONVERSION = YES;
				CLANG_WARN_OBJC_ROOT_CLASS = YES_ERROR;
				CLANG_WARN_RANGE_LOOP_ANALYSIS = YES;
				CLANG_WARN_STRICT_PROTOTYPES = YES;
				CLANG_WARN_SUSPICIOUS_MOVE = YES;
				CLANG_WARN_UNGUARDED_AVAILABILITY = YES_AGGRESSIVE;
				CLANG_WARN_UNREACHABLE_CODE = YES;
				CLANG_WARN__DUPLICATE_METHOD_MATCH = YES;
				COPY_PHASE_STRIP = NO;
				DEBUG_INFORMATION_FORMAT = "dwarf-with-dsym";
				ENABLE_NS_ASSERTIONS = NO;
				ENABLE_STRICT_OBJC_MSGSEND = YES;
				GCC_C_LANGUAGE_STANDARD = gnu11;
				GCC_NO_COMMON_BLOCKS = YES;
				GCC_WARN_64_TO_32_BIT_CONVERSION = YES;
				GCC_WARN_ABOUT_RETURN_TYPE = YES_ERROR;
				GCC_WARN_UNDECLARED_SELECTOR = YES;
				GCC_WARN_UNINITIALIZED_AUTOS = YES_AGGRESSIVE;
				GCC_WARN_UNUSED_FUNCTION = YES;
				GCC_WARN_UNUSED_VARIABLE = YES;
				IPHONEOS_DEPLOYMENT_TARGET = 13.0;
				MTL_ENABLE_DEBUG_INFO = NO;
				MTL_FAST_MATH = YES;
				SDKROOT = iphoneos;
				SWIFT_COMPILATION_MODE = wholemodule;
				SWIFT_OPTIMIZATION_LEVEL = "-O";
				VALIDATE_PRODUCT = YES;
			};
			name = Release;
		};
		812F01C22349A55E00E10135 /* Debug */ = {
			isa = XCBuildConfiguration;
			baseConfigurationReference = 951655032234D2A30657C09A /* Pods-Realize_hackathon.debug.xcconfig */;
			buildSettings = {
				ASSETCATALOG_COMPILER_APPICON_NAME = AppIcon;
				CODE_SIGN_STYLE = Automatic;
				DEVELOPMENT_TEAM = CH49HA965Z;
				INFOPLIST_FILE = Realize_hackathon/Info.plist;
				LD_RUNPATH_SEARCH_PATHS = (
					"$(inherited)",
					"@executable_path/Frameworks",
				);
				PRODUCT_BUNDLE_IDENTIFIER = com.dev.rangel.oneAm;
				PRODUCT_NAME = Realize;
				SWIFT_VERSION = 5.0;
				TARGETED_DEVICE_FAMILY = "1,2";
			};
			name = Debug;
		};
		812F01C32349A55E00E10135 /* Release */ = {
			isa = XCBuildConfiguration;
			baseConfigurationReference = 6889023CEA55A5E3106D82E7 /* Pods-Realize_hackathon.release.xcconfig */;
			buildSettings = {
				ASSETCATALOG_COMPILER_APPICON_NAME = AppIcon;
				CODE_SIGN_STYLE = Automatic;
				DEVELOPMENT_TEAM = CH49HA965Z;
				INFOPLIST_FILE = Realize_hackathon/Info.plist;
				LD_RUNPATH_SEARCH_PATHS = (
					"$(inherited)",
					"@executable_path/Frameworks",
				);
				PRODUCT_BUNDLE_IDENTIFIER = com.dev.rangel.oneAm;
				PRODUCT_NAME = Realize;
				SWIFT_VERSION = 5.0;
				TARGETED_DEVICE_FAMILY = "1,2";
			};
			name = Release;
		};
/* End XCBuildConfiguration section */

/* Begin XCConfigurationList section */
		812F01A82349A55A00E10135 /* Build configuration list for PBXProject "Realize_hackathon" */ = {
			isa = XCConfigurationList;
			buildConfigurations = (
				812F01BF2349A55E00E10135 /* Debug */,
				812F01C02349A55E00E10135 /* Release */,
			);
			defaultConfigurationIsVisible = 0;
			defaultConfigurationName = Release;
		};
		812F01C12349A55E00E10135 /* Build configuration list for PBXNativeTarget "Realize_hackathon" */ = {
			isa = XCConfigurationList;
			buildConfigurations = (
				812F01C22349A55E00E10135 /* Debug */,
				812F01C32349A55E00E10135 /* Release */,
			);
			defaultConfigurationIsVisible = 0;
			defaultConfigurationName = Release;
		};
/* End XCConfigurationList section */
	};
	rootObject = 812F01A52349A55A00E10135 /* Project object */;
}
